// !$*UTF8*$!
{
	archiveVersion = 1;
	classes = {
	};
	objectVersion = 46;
	objects = {

/* Begin PBXBuildFile section */
		2225E2131D8FE395004F69CC /* road.jpeg in Resources */ = {isa = PBXBuildFile; fileRef = 2225E2121D8FE395004F69CC /* road.jpeg */; };
		223499D41DEA67FA00B2AFF0 /* LocalAuthentication.framework in Frameworks */ = {isa = PBXBuildFile; fileRef = 223499D31DEA67FA00B2AFF0 /* LocalAuthentication.framework */; };
		2247FCC61DEB9F2F00AC6ECE /* box.png in Resources */ = {isa = PBXBuildFile; fileRef = 2247FCC51DEB9F2F00AC6ECE /* box.png */; };
		225743851D8E23C60062007B /* ContactoCell.swift in Sources */ = {isa = PBXBuildFile; fileRef = 225743841D8E23C60062007B /* ContactoCell.swift */; };
		225743881D8F13EF0062007B /* Realm.framework in Frameworks */ = {isa = PBXBuildFile; fileRef = 225743861D8F13EF0062007B /* Realm.framework */; };
		225743891D8F13EF0062007B /* Realm.framework in Embed Frameworks */ = {isa = PBXBuildFile; fileRef = 225743861D8F13EF0062007B /* Realm.framework */; settings = {ATTRIBUTES = (CodeSignOnCopy, RemoveHeadersOnCopy, ); }; };
		2257438A1D8F13EF0062007B /* RealmSwift.framework in Frameworks */ = {isa = PBXBuildFile; fileRef = 225743871D8F13EF0062007B /* RealmSwift.framework */; };
		2257438B1D8F13EF0062007B /* RealmSwift.framework in Embed Frameworks */ = {isa = PBXBuildFile; fileRef = 225743871D8F13EF0062007B /* RealmSwift.framework */; settings = {ATTRIBUTES = (CodeSignOnCopy, RemoveHeadersOnCopy, ); }; };
		2279A6551D8DE0D100D96195 /* Contacto.swift in Sources */ = {isa = PBXBuildFile; fileRef = 2279A6541D8DE0D100D96195 /* Contacto.swift */; };
		2279A6571D8DF88500D96195 /* Message.swift in Sources */ = {isa = PBXBuildFile; fileRef = 2279A6561D8DF88500D96195 /* Message.swift */; };
		2279A6591D8E0EA300D96195 /* MisContactosVC.swift in Sources */ = {isa = PBXBuildFile; fileRef = 2279A6581D8E0EA300D96195 /* MisContactosVC.swift */; };
		22893D931DC19C6C001B3915 /* LogInVC.swift in Sources */ = {isa = PBXBuildFile; fileRef = 22893D921DC19C6C001B3915 /* LogInVC.swift */; };
		22A067141D804F9900F44027 /* ContactoDetalleVC.swift in Sources */ = {isa = PBXBuildFile; fileRef = 22A067131D804F9900F44027 /* ContactoDetalleVC.swift */; };
		22B052261D7CBDB500BDA82F /* AppDelegate.swift in Sources */ = {isa = PBXBuildFile; fileRef = 22B052251D7CBDB500BDA82F /* AppDelegate.swift */; };
		22B052281D7CBDB500BDA82F /* mainVC.swift in Sources */ = {isa = PBXBuildFile; fileRef = 22B052271D7CBDB500BDA82F /* mainVC.swift */; };
		22B0522B1D7CBDB500BDA82F /* Main.storyboard in Resources */ = {isa = PBXBuildFile; fileRef = 22B052291D7CBDB500BDA82F /* Main.storyboard */; };
		22B0522D1D7CBDB500BDA82F /* Assets.xcassets in Resources */ = {isa = PBXBuildFile; fileRef = 22B0522C1D7CBDB500BDA82F /* Assets.xcassets */; };
		22B052301D7CBDB500BDA82F /* LaunchScreen.storyboard in Resources */ = {isa = PBXBuildFile; fileRef = 22B0522E1D7CBDB500BDA82F /* LaunchScreen.storyboard */; };
		22B0523B1D7CBDB600BDA82F /* MovilesAseguradoraTests.swift in Sources */ = {isa = PBXBuildFile; fileRef = 22B0523A1D7CBDB600BDA82F /* MovilesAseguradoraTests.swift */; };
		22B052461D7CBDB600BDA82F /* MovilesAseguradoraUITests.swift in Sources */ = {isa = PBXBuildFile; fileRef = 22B052451D7CBDB600BDA82F /* MovilesAseguradoraUITests.swift */; };
		22B052551D7CC8EB00BDA82F /* app.swift in Sources */ = {isa = PBXBuildFile; fileRef = 22B052541D7CC8EB00BDA82F /* app.swift */; };
		22B052571D7CC99C00BDA82F /* EmergenciaVC.swift in Sources */ = {isa = PBXBuildFile; fileRef = 22B052561D7CC99C00BDA82F /* EmergenciaVC.swift */; };
		22B052591D7CDEE100BDA82F /* EmergenciaDetalleVC.swift in Sources */ = {isa = PBXBuildFile; fileRef = 22B052581D7CDEE100BDA82F /* EmergenciaDetalleVC.swift */; };
		22B0525B1D7F231F00BDA82F /* ContactosVC.swift in Sources */ = {isa = PBXBuildFile; fileRef = 22B0525A1D7F231F00BDA82F /* ContactosVC.swift */; };
		22B0525D1D7F445100BDA82F /* operators.swift in Sources */ = {isa = PBXBuildFile; fileRef = 22B0525C1D7F445100BDA82F /* operators.swift */; };
/* End PBXBuildFile section */

/* Begin PBXContainerItemProxy section */
		22B052371D7CBDB600BDA82F /* PBXContainerItemProxy */ = {
			isa = PBXContainerItemProxy;
			containerPortal = 22B0521A1D7CBDB500BDA82F /* Project object */;
			proxyType = 1;
			remoteGlobalIDString = 22B052211D7CBDB500BDA82F;
			remoteInfo = MovilesAseguradora;
		};
		22B052421D7CBDB600BDA82F /* PBXContainerItemProxy */ = {
			isa = PBXContainerItemProxy;
			containerPortal = 22B0521A1D7CBDB500BDA82F /* Project object */;
			proxyType = 1;
			remoteGlobalIDString = 22B052211D7CBDB500BDA82F;
			remoteInfo = MovilesAseguradora;
		};
/* End PBXContainerItemProxy section */

/* Begin PBXCopyFilesBuildPhase section */
		2257438C1D8F13F00062007B /* Embed Frameworks */ = {
			isa = PBXCopyFilesBuildPhase;
			buildActionMask = 2147483647;
			dstPath = "";
			dstSubfolderSpec = 10;
			files = (
				2257438B1D8F13EF0062007B /* RealmSwift.framework in Embed Frameworks */,
				225743891D8F13EF0062007B /* Realm.framework in Embed Frameworks */,
			);
			name = "Embed Frameworks";
			runOnlyForDeploymentPostprocessing = 0;
		};
/* End PBXCopyFilesBuildPhase section */

/* Begin PBXFileReference section */
		2225E2121D8FE395004F69CC /* road.jpeg */ = {isa = PBXFileReference; lastKnownFileType = image.jpeg; path = road.jpeg; sourceTree = "<group>"; };
		223499D31DEA67FA00B2AFF0 /* LocalAuthentication.framework */ = {isa = PBXFileReference; lastKnownFileType = wrapper.framework; name = LocalAuthentication.framework; path = System/Library/Frameworks/LocalAuthentication.framework; sourceTree = SDKROOT; };
		2247FCC51DEB9F2F00AC6ECE /* box.png */ = {isa = PBXFileReference; lastKnownFileType = image.png; path = box.png; sourceTree = "<group>"; };
		225743841D8E23C60062007B /* ContactoCell.swift */ = {isa = PBXFileReference; fileEncoding = 4; lastKnownFileType = sourcecode.swift; path = ContactoCell.swift; sourceTree = "<group>"; };
		225743861D8F13EF0062007B /* Realm.framework */ = {isa = PBXFileReference; lastKnownFileType = wrapper.framework; path = Realm.framework; sourceTree = "<group>"; };
		225743871D8F13EF0062007B /* RealmSwift.framework */ = {isa = PBXFileReference; lastKnownFileType = wrapper.framework; path = RealmSwift.framework; sourceTree = "<group>"; };
		2279A6541D8DE0D100D96195 /* Contacto.swift */ = {isa = PBXFileReference; fileEncoding = 4; lastKnownFileType = sourcecode.swift; path = Contacto.swift; sourceTree = "<group>"; };
		2279A6561D8DF88500D96195 /* Message.swift */ = {isa = PBXFileReference; fileEncoding = 4; lastKnownFileType = sourcecode.swift; path = Message.swift; sourceTree = "<group>"; };
		2279A6581D8E0EA300D96195 /* MisContactosVC.swift */ = {isa = PBXFileReference; fileEncoding = 4; lastKnownFileType = sourcecode.swift; path = MisContactosVC.swift; sourceTree = "<group>"; };
		22893D921DC19C6C001B3915 /* LogInVC.swift */ = {isa = PBXFileReference; fileEncoding = 4; lastKnownFileType = sourcecode.swift; path = LogInVC.swift; sourceTree = "<group>"; };
		22A067131D804F9900F44027 /* ContactoDetalleVC.swift */ = {isa = PBXFileReference; fileEncoding = 4; lastKnownFileType = sourcecode.swift; path = ContactoDetalleVC.swift; sourceTree = "<group>"; };
		22B052221D7CBDB500BDA82F /* MovilesAseguradora.app */ = {isa = PBXFileReference; explicitFileType = wrapper.application; includeInIndex = 0; path = MovilesAseguradora.app; sourceTree = BUILT_PRODUCTS_DIR; };
		22B052251D7CBDB500BDA82F /* AppDelegate.swift */ = {isa = PBXFileReference; lastKnownFileType = sourcecode.swift; path = AppDelegate.swift; sourceTree = "<group>"; };
		22B052271D7CBDB500BDA82F /* mainVC.swift */ = {isa = PBXFileReference; lastKnownFileType = sourcecode.swift; path = mainVC.swift; sourceTree = "<group>"; };
		22B0522A1D7CBDB500BDA82F /* Base */ = {isa = PBXFileReference; lastKnownFileType = file.storyboard; name = Base; path = Base.lproj/Main.storyboard; sourceTree = "<group>"; };
		22B0522C1D7CBDB500BDA82F /* Assets.xcassets */ = {isa = PBXFileReference; lastKnownFileType = folder.assetcatalog; path = Assets.xcassets; sourceTree = "<group>"; };
		22B0522F1D7CBDB500BDA82F /* Base */ = {isa = PBXFileReference; lastKnownFileType = file.storyboard; name = Base; path = Base.lproj/LaunchScreen.storyboard; sourceTree = "<group>"; };
		22B052311D7CBDB500BDA82F /* Info.plist */ = {isa = PBXFileReference; lastKnownFileType = text.plist.xml; path = Info.plist; sourceTree = "<group>"; };
		22B052361D7CBDB600BDA82F /* MovilesAseguradoraTests.xctest */ = {isa = PBXFileReference; explicitFileType = wrapper.cfbundle; includeInIndex = 0; path = MovilesAseguradoraTests.xctest; sourceTree = BUILT_PRODUCTS_DIR; };
		22B0523A1D7CBDB600BDA82F /* MovilesAseguradoraTests.swift */ = {isa = PBXFileReference; lastKnownFileType = sourcecode.swift; path = MovilesAseguradoraTests.swift; sourceTree = "<group>"; };
		22B0523C1D7CBDB600BDA82F /* Info.plist */ = {isa = PBXFileReference; lastKnownFileType = text.plist.xml; path = Info.plist; sourceTree = "<group>"; };
		22B052411D7CBDB600BDA82F /* MovilesAseguradoraUITests.xctest */ = {isa = PBXFileReference; explicitFileType = wrapper.cfbundle; includeInIndex = 0; path = MovilesAseguradoraUITests.xctest; sourceTree = BUILT_PRODUCTS_DIR; };
		22B052451D7CBDB600BDA82F /* MovilesAseguradoraUITests.swift */ = {isa = PBXFileReference; lastKnownFileType = sourcecode.swift; path = MovilesAseguradoraUITests.swift; sourceTree = "<group>"; };
		22B052471D7CBDB600BDA82F /* Info.plist */ = {isa = PBXFileReference; lastKnownFileType = text.plist.xml; path = Info.plist; sourceTree = "<group>"; };
		22B052541D7CC8EB00BDA82F /* app.swift */ = {isa = PBXFileReference; fileEncoding = 4; lastKnownFileType = sourcecode.swift; path = app.swift; sourceTree = "<group>"; };
		22B052561D7CC99C00BDA82F /* EmergenciaVC.swift */ = {isa = PBXFileReference; fileEncoding = 4; lastKnownFileType = sourcecode.swift; path = EmergenciaVC.swift; sourceTree = "<group>"; };
		22B052581D7CDEE100BDA82F /* EmergenciaDetalleVC.swift */ = {isa = PBXFileReference; fileEncoding = 4; lastKnownFileType = sourcecode.swift; path = EmergenciaDetalleVC.swift; sourceTree = "<group>"; };
		22B0525A1D7F231F00BDA82F /* ContactosVC.swift */ = {isa = PBXFileReference; fileEncoding = 4; lastKnownFileType = sourcecode.swift; path = ContactosVC.swift; sourceTree = "<group>"; };
		22B0525C1D7F445100BDA82F /* operators.swift */ = {isa = PBXFileReference; fileEncoding = 4; lastKnownFileType = sourcecode.swift; path = operators.swift; sourceTree = "<group>"; };
/* End PBXFileReference section */

/* Begin PBXFrameworksBuildPhase section */
		22B0521F1D7CBDB500BDA82F /* Frameworks */ = {
			isa = PBXFrameworksBuildPhase;
			buildActionMask = 2147483647;
			files = (
				223499D41DEA67FA00B2AFF0 /* LocalAuthentication.framework in Frameworks */,
				2257438A1D8F13EF0062007B /* RealmSwift.framework in Frameworks */,
				225743881D8F13EF0062007B /* Realm.framework in Frameworks */,
			);
			runOnlyForDeploymentPostprocessing = 0;
		};
		22B052331D7CBDB600BDA82F /* Frameworks */ = {
			isa = PBXFrameworksBuildPhase;
			buildActionMask = 2147483647;
			files = (
			);
			runOnlyForDeploymentPostprocessing = 0;
		};
		22B0523E1D7CBDB600BDA82F /* Frameworks */ = {
			isa = PBXFrameworksBuildPhase;
			buildActionMask = 2147483647;
			files = (
			);
			runOnlyForDeploymentPostprocessing = 0;
		};
/* End PBXFrameworksBuildPhase section */

/* Begin PBXGroup section */
		22B052191D7CBDB500BDA82F = {
			isa = PBXGroup;
			children = (
				223499D31DEA67FA00B2AFF0 /* LocalAuthentication.framework */,
				225743861D8F13EF0062007B /* Realm.framework */,
				225743871D8F13EF0062007B /* RealmSwift.framework */,
				22B052241D7CBDB500BDA82F /* MovilesAseguradora */,
				22B052391D7CBDB600BDA82F /* MovilesAseguradoraTests */,
				22B052441D7CBDB600BDA82F /* MovilesAseguradoraUITests */,
				22B052231D7CBDB500BDA82F /* Products */,
				2247FCC51DEB9F2F00AC6ECE /* box.png */,
			);
			sourceTree = "<group>";
		};
		22B052231D7CBDB500BDA82F /* Products */ = {
			isa = PBXGroup;
			children = (
				22B052221D7CBDB500BDA82F /* MovilesAseguradora.app */,
				22B052361D7CBDB600BDA82F /* MovilesAseguradoraTests.xctest */,
				22B052411D7CBDB600BDA82F /* MovilesAseguradoraUITests.xctest */,
			);
			name = Products;
			sourceTree = "<group>";
		};
		22B052241D7CBDB500BDA82F /* MovilesAseguradora */ = {
			isa = PBXGroup;
			children = (
				22B052531D7CC8C100BDA82F /* Logic */,
				22B052251D7CBDB500BDA82F /* AppDelegate.swift */,
				22B0525C1D7F445100BDA82F /* operators.swift */,
				22B052271D7CBDB500BDA82F /* mainVC.swift */,
				22B052581D7CDEE100BDA82F /* EmergenciaDetalleVC.swift */,
				22893D921DC19C6C001B3915 /* LogInVC.swift */,
				22B052561D7CC99C00BDA82F /* EmergenciaVC.swift */,
				22B0525A1D7F231F00BDA82F /* ContactosVC.swift */,
				2279A6581D8E0EA300D96195 /* MisContactosVC.swift */,
				22A067131D804F9900F44027 /* ContactoDetalleVC.swift */,
				22B052291D7CBDB500BDA82F /* Main.storyboard */,
				22B0522C1D7CBDB500BDA82F /* Assets.xcassets */,
				22B0522E1D7CBDB500BDA82F /* LaunchScreen.storyboard */,
				22B052311D7CBDB500BDA82F /* Info.plist */,
				2225E2121D8FE395004F69CC /* road.jpeg */,
			);
			path = MovilesAseguradora;
			sourceTree = "<group>";
		};
		22B052391D7CBDB600BDA82F /* MovilesAseguradoraTests */ = {
			isa = PBXGroup;
			children = (
				22B0523A1D7CBDB600BDA82F /* MovilesAseguradoraTests.swift */,
				22B0523C1D7CBDB600BDA82F /* Info.plist */,
			);
			path = MovilesAseguradoraTests;
			sourceTree = "<group>";
		};
		22B052441D7CBDB600BDA82F /* MovilesAseguradoraUITests */ = {
			isa = PBXGroup;
			children = (
				22B052451D7CBDB600BDA82F /* MovilesAseguradoraUITests.swift */,
				22B052471D7CBDB600BDA82F /* Info.plist */,
			);
			path = MovilesAseguradoraUITests;
			sourceTree = "<group>";
		};
		22B052531D7CC8C100BDA82F /* Logic */ = {
			isa = PBXGroup;
			children = (
				22B052541D7CC8EB00BDA82F /* app.swift */,
				2279A6561D8DF88500D96195 /* Message.swift */,
				2279A6541D8DE0D100D96195 /* Contacto.swift */,
				225743841D8E23C60062007B /* ContactoCell.swift */,
			);
			name = Logic;
			sourceTree = "<group>";
		};
/* End PBXGroup section */

/* Begin PBXNativeTarget section */
		22B052211D7CBDB500BDA82F /* MovilesAseguradora */ = {
			isa = PBXNativeTarget;
			buildConfigurationList = 22B0524A1D7CBDB600BDA82F /* Build configuration list for PBXNativeTarget "MovilesAseguradora" */;
			buildPhases = (
				22B0521E1D7CBDB500BDA82F /* Sources */,
				22B0521F1D7CBDB500BDA82F /* Frameworks */,
				22B052201D7CBDB500BDA82F /* Resources */,
				2257438C1D8F13F00062007B /* Embed Frameworks */,
			);
			buildRules = (
			);
			dependencies = (
			);
			name = MovilesAseguradora;
			productName = MovilesAseguradora;
			productReference = 22B052221D7CBDB500BDA82F /* MovilesAseguradora.app */;
			productType = "com.apple.product-type.application";
		};
		22B052351D7CBDB600BDA82F /* MovilesAseguradoraTests */ = {
			isa = PBXNativeTarget;
			buildConfigurationList = 22B0524D1D7CBDB600BDA82F /* Build configuration list for PBXNativeTarget "MovilesAseguradoraTests" */;
			buildPhases = (
				22B052321D7CBDB600BDA82F /* Sources */,
				22B052331D7CBDB600BDA82F /* Frameworks */,
				22B052341D7CBDB600BDA82F /* Resources */,
			);
			buildRules = (
			);
			dependencies = (
				22B052381D7CBDB600BDA82F /* PBXTargetDependency */,
			);
			name = MovilesAseguradoraTests;
			productName = MovilesAseguradoraTests;
			productReference = 22B052361D7CBDB600BDA82F /* MovilesAseguradoraTests.xctest */;
			productType = "com.apple.product-type.bundle.unit-test";
		};
		22B052401D7CBDB600BDA82F /* MovilesAseguradoraUITests */ = {
			isa = PBXNativeTarget;
			buildConfigurationList = 22B052501D7CBDB600BDA82F /* Build configuration list for PBXNativeTarget "MovilesAseguradoraUITests" */;
			buildPhases = (
				22B0523D1D7CBDB600BDA82F /* Sources */,
				22B0523E1D7CBDB600BDA82F /* Frameworks */,
				22B0523F1D7CBDB600BDA82F /* Resources */,
			);
			buildRules = (
			);
			dependencies = (
				22B052431D7CBDB600BDA82F /* PBXTargetDependency */,
			);
			name = MovilesAseguradoraUITests;
			productName = MovilesAseguradoraUITests;
			productReference = 22B052411D7CBDB600BDA82F /* MovilesAseguradoraUITests.xctest */;
			productType = "com.apple.product-type.bundle.ui-testing";
		};
/* End PBXNativeTarget section */

/* Begin PBXProject section */
		22B0521A1D7CBDB500BDA82F /* Project object */ = {
			isa = PBXProject;
			attributes = {
				LastSwiftUpdateCheck = 0730;
				LastUpgradeCheck = 0730;
				ORGANIZATIONNAME = "David Chicaiza";
				TargetAttributes = {
					22B052211D7CBDB500BDA82F = {
						CreatedOnToolsVersion = 7.3.1;
						DevelopmentTeam = PTNBHSU8LM;
					};
					22B052351D7CBDB600BDA82F = {
						CreatedOnToolsVersion = 7.3.1;
						TestTargetID = 22B052211D7CBDB500BDA82F;
					};
					22B052401D7CBDB600BDA82F = {
						CreatedOnToolsVersion = 7.3.1;
						TestTargetID = 22B052211D7CBDB500BDA82F;
					};
				};
			};
			buildConfigurationList = 22B0521D1D7CBDB500BDA82F /* Build configuration list for PBXProject "MovilesAseguradora" */;
			compatibilityVersion = "Xcode 3.2";
			developmentRegion = English;
			hasScannedForEncodings = 0;
			knownRegions = (
				en,
				Base,
			);
			mainGroup = 22B052191D7CBDB500BDA82F;
			productRefGroup = 22B052231D7CBDB500BDA82F /* Products */;
			projectDirPath = "";
			projectRoot = "";
			targets = (
				22B052211D7CBDB500BDA82F /* MovilesAseguradora */,
				22B052351D7CBDB600BDA82F /* MovilesAseguradoraTests */,
				22B052401D7CBDB600BDA82F /* MovilesAseguradoraUITests */,
			);
		};
/* End PBXProject section */

/* Begin PBXResourcesBuildPhase section */
		22B052201D7CBDB500BDA82F /* Resources */ = {
			isa = PBXResourcesBuildPhase;
			buildActionMask = 2147483647;
			files = (
				22B052301D7CBDB500BDA82F /* LaunchScreen.storyboard in Resources */,
				22B0522D1D7CBDB500BDA82F /* Assets.xcassets in Resources */,
				2247FCC61DEB9F2F00AC6ECE /* box.png in Resources */,
				22B0522B1D7CBDB500BDA82F /* Main.storyboard in Resources */,
				2225E2131D8FE395004F69CC /* road.jpeg in Resources */,
			);
			runOnlyForDeploymentPostprocessing = 0;
		};
		22B052341D7CBDB600BDA82F /* Resources */ = {
			isa = PBXResourcesBuildPhase;
			buildActionMask = 2147483647;
			files = (
			);
			runOnlyForDeploymentPostprocessing = 0;
		};
		22B0523F1D7CBDB600BDA82F /* Resources */ = {
			isa = PBXResourcesBuildPhase;
			buildActionMask = 2147483647;
			files = (
			);
			runOnlyForDeploymentPostprocessing = 0;
		};
/* End PBXResourcesBuildPhase section */

/* Begin PBXSourcesBuildPhase section */
		22B0521E1D7CBDB500BDA82F /* Sources */ = {
			isa = PBXSourcesBuildPhase;
			buildActionMask = 2147483647;
			files = (
				22B052281D7CBDB500BDA82F /* mainVC.swift in Sources */,
				22A067141D804F9900F44027 /* ContactoDetalleVC.swift in Sources */,
				22893D931DC19C6C001B3915 /* LogInVC.swift in Sources */,
				2279A6551D8DE0D100D96195 /* Contacto.swift in Sources */,
				22B0525D1D7F445100BDA82F /* operators.swift in Sources */,
				225743851D8E23C60062007B /* ContactoCell.swift in Sources */,
				22B052551D7CC8EB00BDA82F /* app.swift in Sources */,
				2279A6591D8E0EA300D96195 /* MisContactosVC.swift in Sources */,
				22B052571D7CC99C00BDA82F /* EmergenciaVC.swift in Sources */,
				22B052591D7CDEE100BDA82F /* EmergenciaDetalleVC.swift in Sources */,
				2279A6571D8DF88500D96195 /* Message.swift in Sources */,
				22B052261D7CBDB500BDA82F /* AppDelegate.swift in Sources */,
				22B0525B1D7F231F00BDA82F /* ContactosVC.swift in Sources */,
			);
			runOnlyForDeploymentPostprocessing = 0;
		};
		22B052321D7CBDB600BDA82F /* Sources */ = {
			isa = PBXSourcesBuildPhase;
			buildActionMask = 2147483647;
			files = (
				22B0523B1D7CBDB600BDA82F /* MovilesAseguradoraTests.swift in Sources */,
			);
			runOnlyForDeploymentPostprocessing = 0;
		};
		22B0523D1D7CBDB600BDA82F /* Sources */ = {
			isa = PBXSourcesBuildPhase;
			buildActionMask = 2147483647;
			files = (
				22B052461D7CBDB600BDA82F /* MovilesAseguradoraUITests.swift in Sources */,
			);
			runOnlyForDeploymentPostprocessing = 0;
		};
/* End PBXSourcesBuildPhase section */

/* Begin PBXTargetDependency section */
		22B052381D7CBDB600BDA82F /* PBXTargetDependency */ = {
			isa = PBXTargetDependency;
			target = 22B052211D7CBDB500BDA82F /* MovilesAseguradora */;
			targetProxy = 22B052371D7CBDB600BDA82F /* PBXContainerItemProxy */;
		};
		22B052431D7CBDB600BDA82F /* PBXTargetDependency */ = {
			isa = PBXTargetDependency;
			target = 22B052211D7CBDB500BDA82F /* MovilesAseguradora */;
			targetProxy = 22B052421D7CBDB600BDA82F /* PBXContainerItemProxy */;
		};
/* End PBXTargetDependency section */

/* Begin PBXVariantGroup section */
		22B052291D7CBDB500BDA82F /* Main.storyboard */ = {
			isa = PBXVariantGroup;
			children = (
				22B0522A1D7CBDB500BDA82F /* Base */,
			);
			name = Main.storyboard;
			sourceTree = "<group>";
		};
		22B0522E1D7CBDB500BDA82F /* LaunchScreen.storyboard */ = {
			isa = PBXVariantGroup;
			children = (
				22B0522F1D7CBDB500BDA82F /* Base */,
			);
			name = LaunchScreen.storyboard;
			sourceTree = "<group>";
		};
/* End PBXVariantGroup section */

/* Begin XCBuildConfiguration section */
		22B052481D7CBDB600BDA82F /* Debug */ = {
			isa = XCBuildConfiguration;
			buildSettings = {
				ALWAYS_SEARCH_USER_PATHS = NO;
				CLANG_ANALYZER_NONNULL = YES;
				CLANG_CXX_LANGUAGE_STANDARD = "gnu++0x";
				CLANG_CXX_LIBRARY = "libc++";
				CLANG_ENABLE_MODULES = YES;
				CLANG_ENABLE_OBJC_ARC = YES;
				CLANG_WARN_BOOL_CONVERSION = YES;
				CLANG_WARN_CONSTANT_CONVERSION = YES;
				CLANG_WARN_DIRECT_OBJC_ISA_USAGE = YES_ERROR;
				CLANG_WARN_EMPTY_BODY = YES;
				CLANG_WARN_ENUM_CONVERSION = YES;
				CLANG_WARN_INT_CONVERSION = YES;
				CLANG_WARN_OBJC_ROOT_CLASS = YES_ERROR;
				CLANG_WARN_UNREACHABLE_CODE = YES;
				CLANG_WARN__DUPLICATE_METHOD_MATCH = YES;
				"CODE_SIGN_IDENTITY[sdk=iphoneos*]" = "iPhone Developer";
				COPY_PHASE_STRIP = NO;
				DEBUG_INFORMATION_FORMAT = dwarf;
				ENABLE_STRICT_OBJC_MSGSEND = YES;
				ENABLE_TESTABILITY = YES;
				GCC_C_LANGUAGE_STANDARD = gnu99;
				GCC_DYNAMIC_NO_PIC = NO;
				GCC_NO_COMMON_BLOCKS = YES;
				GCC_OPTIMIZATION_LEVEL = 0;
				GCC_PREPROCESSOR_DEFINITIONS = (
					"DEBUG=1",
					"$(inherited)",
				);
				GCC_WARN_64_TO_32_BIT_CONVERSION = YES;
				GCC_WARN_ABOUT_RETURN_TYPE = YES_ERROR;
				GCC_WARN_UNDECLARED_SELECTOR = YES;
				GCC_WARN_UNINITIALIZED_AUTOS = YES_AGGRESSIVE;
				GCC_WARN_UNUSED_FUNCTION = YES;
				GCC_WARN_UNUSED_VARIABLE = YES;
				IPHONEOS_DEPLOYMENT_TARGET = 9.3;
				MTL_ENABLE_DEBUG_INFO = YES;
				ONLY_ACTIVE_ARCH = YES;
				SDKROOT = iphoneos;
				SWIFT_OPTIMIZATION_LEVEL = "-Onone";
			};
			name = Debug;
		};
		22B052491D7CBDB600BDA82F /* Release */ = {
			isa = XCBuildConfiguration;
			buildSettings = {
				ALWAYS_SEARCH_USER_PATHS = NO;
				CLANG_ANALYZER_NONNULL = YES;
				CLANG_CXX_LANGUAGE_STANDARD = "gnu++0x";
				CLANG_CXX_LIBRARY = "libc++";
				CLANG_ENABLE_MODULES = YES;
				CLANG_ENABLE_OBJC_ARC = YES;
				CLANG_WARN_BOOL_CONVERSION = YES;
				CLANG_WARN_CONSTANT_CONVERSION = YES;
				CLANG_WARN_DIRECT_OBJC_ISA_USAGE = YES_ERROR;
				CLANG_WARN_EMPTY_BODY = YES;
				CLANG_WARN_ENUM_CONVERSION = YES;
				CLANG_WARN_INT_CONVERSION = YES;
				CLANG_WARN_OBJC_ROOT_CLASS = YES_ERROR;
				CLANG_WARN_UNREACHABLE_CODE = YES;
				CLANG_WARN__DUPLICATE_METHOD_MATCH = YES;
				"CODE_SIGN_IDENTITY[sdk=iphoneos*]" = "iPhone Developer";
				COPY_PHASE_STRIP = NO;
				DEBUG_INFORMATION_FORMAT = "dwarf-with-dsym";
				ENABLE_NS_ASSERTIONS = NO;
				ENABLE_STRICT_OBJC_MSGSEND = YES;
				GCC_C_LANGUAGE_STANDARD = gnu99;
				GCC_NO_COMMON_BLOCKS = YES;
				GCC_WARN_64_TO_32_BIT_CONVERSION = YES;
				GCC_WARN_ABOUT_RETURN_TYPE = YES_ERROR;
				GCC_WARN_UNDECLARED_SELECTOR = YES;
				GCC_WARN_UNINITIALIZED_AUTOS = YES_AGGRESSIVE;
				GCC_WARN_UNUSED_FUNCTION = YES;
				GCC_WARN_UNUSED_VARIABLE = YES;
				IPHONEOS_DEPLOYMENT_TARGET = 9.3;
				MTL_ENABLE_DEBUG_INFO = NO;
				SDKROOT = iphoneos;
				VALIDATE_PRODUCT = YES;
			};
			name = Release;
		};
		22B0524B1D7CBDB600BDA82F /* Debug */ = {
			isa = XCBuildConfiguration;
			buildSettings = {
				ASSETCATALOG_COMPILER_APPICON_NAME = AppIcon;
				ASSETCATALOG_COMPILER_LAUNCHIMAGE_NAME = "Brand Assets";
				CODE_SIGN_IDENTITY = "iPhone Developer";
				"CODE_SIGN_IDENTITY[sdk=iphoneos*]" = "iPhone Developer";
				EMBEDDED_CONTENT_CONTAINS_SWIFT = YES;
				FRAMEWORK_SEARCH_PATHS = (
					"$(inherited)",
					"$(PROJECT_DIR)",
				);
				INFOPLIST_FILE = MovilesAseguradora/Info.plist;
				IPHONEOS_DEPLOYMENT_TARGET = 9.0;
				LD_RUNPATH_SEARCH_PATHS = "$(inherited) @executable_path/Frameworks";
				PRODUCT_BUNDLE_IDENTIFIER = dscm.MovilesAseguradora;
				PRODUCT_NAME = "$(TARGET_NAME)";
				PROVISIONING_PROFILE = "";
				TARGETED_DEVICE_FAMILY = "1,2";
			};
			name = Debug;
		};
		22B0524C1D7CBDB600BDA82F /* Release */ = {
			isa = XCBuildConfiguration;
			buildSettings = {
				ASSETCATALOG_COMPILER_APPICON_NAME = AppIcon;
				ASSETCATALOG_COMPILER_LAUNCHIMAGE_NAME = "Brand Assets";
				CODE_SIGN_IDENTITY = "iPhone Developer";
				"CODE_SIGN_IDENTITY[sdk=iphoneos*]" = "iPhone Developer";
				EMBEDDED_CONTENT_CONTAINS_SWIFT = YES;
				FRAMEWORK_SEARCH_PATHS = (
					"$(inherited)",
					"$(PROJECT_DIR)",
				);
				INFOPLIST_FILE = MovilesAseguradora/Info.plist;
				IPHONEOS_DEPLOYMENT_TARGET = 9.0;
				LD_RUNPATH_SEARCH_PATHS = "$(inherited) @executable_path/Frameworks";
				PRODUCT_BUNDLE_IDENTIFIER = dscm.MovilesAseguradora;
				PRODUCT_NAME = "$(TARGET_NAME)";
				PROVISIONING_PROFILE = "";
				TARGETED_DEVICE_FAMILY = "1,2";
			};
			name = Release;
		};
		22B0524E1D7CBDB600BDA82F /* Debug */ = {
			isa = XCBuildConfiguration;
			buildSettings = {
				INFOPLIST_FILE = MovilesAseguradoraTests/Info.plist;
				LD_RUNPATH_SEARCH_PATHS = "$(inherited) @executable_path/Frameworks @loader_path/Frameworks";
				PRODUCT_BUNDLE_IDENTIFIER = dscm.MovilesAseguradoraTests;
				PRODUCT_NAME = "$(TARGET_NAME)";
				TEST_HOST = "$(BUILT_PRODUCTS_DIR)/MovilesAseguradora.app/MovilesAseguradora";
			};
			name = Debug;
		};
		22B0524F1D7CBDB600BDA82F /* Release */ = {
			isa = XCBuildConfiguration;
			buildSettings = {
				INFOPLIST_FILE = MovilesAseguradoraTests/Info.plist;
				LD_RUNPATH_SEARCH_PATHS = "$(inherited) @executable_path/Frameworks @loader_path/Frameworks";
				PRODUCT_BUNDLE_IDENTIFIER = dscm.MovilesAseguradoraTests;
				PRODUCT_NAME = "$(TARGET_NAME)";
				TEST_HOST = "$(BUILT_PRODUCTS_DIR)/MovilesAseguradora.app/MovilesAseguradora";
			};
			name = Release;
		};
		22B052511D7CBDB600BDA82F /* Debug */ = {
			isa = XCBuildConfiguration;
			buildSettings = {
				INFOPLIST_FILE = MovilesAseguradoraUITests/Info.plist;
				LD_RUNPATH_SEARCH_PATHS = "$(inherited) @executable_path/Frameworks @loader_path/Frameworks";
				PRODUCT_BUNDLE_IDENTIFIER = dscm.MovilesAseguradoraUITests;
				PRODUCT_NAME = "$(TARGET_NAME)";
				TEST_TARGET_NAME = MovilesAseguradora;
			};
			name = Debug;
		};
		22B052521D7CBDB600BDA82F /* Release */ = {
			isa = XCBuildConfiguration;
			buildSettings = {
				INFOPLIST_FILE = MovilesAseguradoraUITests/Info.plist;
				LD_RUNPATH_SEARCH_PATHS = "$(inherited) @executable_path/Frameworks @loader_path/Frameworks";
				PRODUCT_BUNDLE_IDENTIFIER = dscm.MovilesAseguradoraUITests;
				PRODUCT_NAME = "$(TARGET_NAME)";
				TEST_TARGET_NAME = MovilesAseguradora;
			};
			name = Release;
		};
/* End XCBuildConfiguration section */

/* Begin XCConfigurationList section */
		22B0521D1D7CBDB500BDA82F /* Build configuration list for PBXProject "MovilesAseguradora" */ = {
			isa = XCConfigurationList;
			buildConfigurations = (
				22B052481D7CBDB600BDA82F /* Debug */,
				22B052491D7CBDB600BDA82F /* Release */,
			);
			defaultConfigurationIsVisible = 0;
			defaultConfigurationName = Release;
		};
		22B0524A1D7CBDB600BDA82F /* Build configuration list for PBXNativeTarget "MovilesAseguradora" */ = {
			isa = XCConfigurationList;
			buildConfigurations = (
				22B0524B1D7CBDB600BDA82F /* Debug */,
				22B0524C1D7CBDB600BDA82F /* Release */,
			);
			defaultConfigurationIsVisible = 0;
			defaultConfigurationName = Release;
		};
		22B0524D1D7CBDB600BDA82F /* Build configuration list for PBXNativeTarget "MovilesAseguradoraTests" */ = {
			isa = XCConfigurationList;
			buildConfigurations = (
				22B0524E1D7CBDB600BDA82F /* Debug */,
				22B0524F1D7CBDB600BDA82F /* Release */,
			);
			defaultConfigurationIsVisible = 0;
			defaultConfigurationName = Release;
		};
		22B052501D7CBDB600BDA82F /* Build configuration list for PBXNativeTarget "MovilesAseguradoraUITests" */ = {
			isa = XCConfigurationList;
			buildConfigurations = (
				22B052511D7CBDB600BDA82F /* Debug */,
				22B052521D7CBDB600BDA82F /* Release */,
			);
			defaultConfigurationIsVisible = 0;
			defaultConfigurationName = Release;
		};
/* End XCConfigurationList section */
	};
	rootObject = 22B0521A1D7CBDB500BDA82F /* Project object */;
}
